
Microsoft Visual Studio Solution File, Format Version 12.00
# Visual Studio 2012
Project("{FAE04EC0-301F-11D3-BF4B-00C04F79EFBC}") = "MerchantWarrior", "MerchantWarrior\MerchantWarrior.csproj", "{4FB3E489-6480-443F-A487-383646946AD9}"
EndProject
Project("{FAE04EC0-301F-11D3-BF4B-00C04F79EFBC}") = "MerchantWarrior.Sample", "MerchantWarrior.Sample\MerchantWarrior.Sample.csproj", "{F66BCDF0-D9C4-4877-9751-9BD1EA01EC8D}"
EndProject
Global
	GlobalSection(SolutionConfigurationPlatforms) = preSolution
		Debug|Any CPU = Debug|Any CPU
		Release|Any CPU = Release|Any CPU
	EndGlobalSection
	GlobalSection(ProjectConfigurationPlatforms) = postSolution
		{4FB3E489-6480-443F-A487-383646946AD9}.Debug|Any CPU.ActiveCfg = Debug|Any CPU
		{4FB3E489-6480-443F-A487-383646946AD9}.Debug|Any CPU.Build.0 = Debug|Any CPU
		{4FB3E489-6480-443F-A487-383646946AD9}.Release|Any CPU.ActiveCfg = Release|Any CPU
		{4FB3E489-6480-443F-A487-383646946AD9}.Release|Any CPU.Build.0 = Release|Any CPU
		{F66BCDF0-D9C4-4877-9751-9BD1EA01EC8D}.Debug|Any CPU.ActiveCfg = Debug|Any CPU
		{F66BCDF0-D9C4-4877-9751-9BD1EA01EC8D}.Debug|Any CPU.Build.0 = Debug|Any CPU
		{F66BCDF0-D9C4-4877-9751-9BD1EA01EC8D}.Release|Any CPU.ActiveCfg = Release|Any CPU
		{F66BCDF0-D9C4-4877-9751-9BD1EA01EC8D}.Release|Any CPU.Build.0 = Release|Any CPU
	EndGlobalSection
	GlobalSection(SolutionProperties) = preSolution
		HideSolutionNode = FALSE
	EndGlobalSection
EndGlobal
